
Microsoft Visual Studio Solution File, Format Version 12.00
# Visual Studio 15
VisualStudioVersion = 15.0.27428.2037
MinimumVisualStudioVersion = 10.0.40219.1
Project("{FAE04EC0-301F-11D3-BF4B-00C04F79EFBC}") = "Datos", "Datos\Datos.csproj", "{4FE39A9B-8DAF-449D-A3C0-FB6DD0AA82F4}"
EndProject
Project("{FAE04EC0-301F-11D3-BF4B-00C04F79EFBC}") = "Entidad", "Entidad\Entidad.csproj", "{A913407E-4EAE-4AB8-B0D0-CEB974AC4DBF}"
EndProject
Project("{FAE04EC0-301F-11D3-BF4B-00C04F79EFBC}") = "Negocio", "Negocio\Negocio.csproj", "{EC458C8C-7CE0-44E3-97CB-DA31E0ABCAC1}"
EndProject
Project("{FAE04EC0-301F-11D3-BF4B-00C04F79EFBC}") = "CapaPresentacion", "CapaPresentacion\CapaPresentacion.csproj", "{7A06ABFB-594F-4DFA-A662-10A5E6C8EEA2}"
EndProject
Global
	GlobalSection(SolutionConfigurationPlatforms) = preSolution
		Debug|Any CPU = Debug|Any CPU
		Release|Any CPU = Release|Any CPU
	EndGlobalSection
	GlobalSection(ProjectConfigurationPlatforms) = postSolution
		{4FE39A9B-8DAF-449D-A3C0-FB6DD0AA82F4}.Debug|Any CPU.ActiveCfg = Debug|Any CPU
		{4FE39A9B-8DAF-449D-A3C0-FB6DD0AA82F4}.Debug|Any CPU.Build.0 = Debug|Any CPU
		{4FE39A9B-8DAF-449D-A3C0-FB6DD0AA82F4}.Release|Any CPU.ActiveCfg = Release|Any CPU
		{4FE39A9B-8DAF-449D-A3C0-FB6DD0AA82F4}.Release|Any CPU.Build.0 = Release|Any CPU
		{A913407E-4EAE-4AB8-B0D0-CEB974AC4DBF}.Debug|Any CPU.ActiveCfg = Debug|Any CPU
		{A913407E-4EAE-4AB8-B0D0-CEB974AC4DBF}.Debug|Any CPU.Build.0 = Debug|Any CPU
		{A913407E-4EAE-4AB8-B0D0-CEB974AC4DBF}.Release|Any CPU.ActiveCfg = Release|Any CPU
		{A913407E-4EAE-4AB8-B0D0-CEB974AC4DBF}.Release|Any CPU.Build.0 = Release|Any CPU
		{EC458C8C-7CE0-44E3-97CB-DA31E0ABCAC1}.Debug|Any CPU.ActiveCfg = Debug|Any CPU
		{EC458C8C-7CE0-44E3-97CB-DA31E0ABCAC1}.Debug|Any CPU.Build.0 = Debug|Any CPU
		{EC458C8C-7CE0-44E3-97CB-DA31E0ABCAC1}.Release|Any CPU.ActiveCfg = Release|Any CPU
		{EC458C8C-7CE0-44E3-97CB-DA31E0ABCAC1}.Release|Any CPU.Build.0 = Release|Any CPU
		{7A06ABFB-594F-4DFA-A662-10A5E6C8EEA2}.Debug|Any CPU.ActiveCfg = Debug|Any CPU
		{7A06ABFB-594F-4DFA-A662-10A5E6C8EEA2}.Debug|Any CPU.Build.0 = Debug|Any CPU
		{7A06ABFB-594F-4DFA-A662-10A5E6C8EEA2}.Release|Any CPU.ActiveCfg = Release|Any CPU
		{7A06ABFB-594F-4DFA-A662-10A5E6C8EEA2}.Release|Any CPU.Build.0 = Release|Any CPU
	EndGlobalSection
	GlobalSection(SolutionProperties) = preSolution
		HideSolutionNode = FALSE
	EndGlobalSection
	GlobalSection(ExtensibilityGlobals) = postSolution
		SolutionGuid = {4EF5F4B5-DB02-4B32-9390-F93F2E7A54C0}
	EndGlobalSection
EndGlobal
